
Microsoft Visual Studio Solution File, Format Version 12.00
# Visual Studio 2013
VisualStudioVersion = 12.0.21005.1
MinimumVisualStudioVersion = 10.0.40219.1
Project("{8BC9CEB8-8B4A-11D0-8D11-00A0C91BC942}") = "SFMLBox2d", "SFMLBox2d\SFMLBox2d.vcxproj", "{DE29FB4B-0096-48AA-8A64-4875A588109E}"
EndProject
Project("{8BC9CEB8-8B4A-11D0-8D11-00A0C91BC942}") = "LevelEditor", "LevelEditor\LevelEditor.vcxproj", "{7E0C8A2E-30C3-4A31-8AFF-60E585EEBBCE}"
EndProject
Global
	GlobalSection(SolutionConfigurationPlatforms) = preSolution
		Debug|Win32 = Debug|Win32
		Release|Win32 = Release|Win32
	EndGlobalSection
	GlobalSection(ProjectConfigurationPlatforms) = postSolution
		{DE29FB4B-0096-48AA-8A64-4875A588109E}.Debug|Win32.ActiveCfg = Debug|Win32
		{DE29FB4B-0096-48AA-8A64-4875A588109E}.Debug|Win32.Build.0 = Debug|Win32
		{DE29FB4B-0096-48AA-8A64-4875A588109E}.Release|Win32.ActiveCfg = Release|Win32
		{DE29FB4B-0096-48AA-8A64-4875A588109E}.Release|Win32.Build.0 = Release|Win32
		{7E0C8A2E-30C3-4A31-8AFF-60E585EEBBCE}.Debug|Win32.ActiveCfg = Debug|Win32
		{7E0C8A2E-30C3-4A31-8AFF-60E585EEBBCE}.Debug|Win32.Build.0 = Debug|Win32
		{7E0C8A2E-30C3-4A31-8AFF-60E585EEBBCE}.Release|Win32.ActiveCfg = Release|Win32
		{7E0C8A2E-30C3-4A31-8AFF-60E585EEBBCE}.Release|Win32.Build.0 = Release|Win32
	EndGlobalSection
	GlobalSection(SolutionProperties) = preSolution
		HideSolutionNode = FALSE
	EndGlobalSection
EndGlobal
